
Microsoft Visual Studio Solution File, Format Version 12.00
# Visual Studio 2013
VisualStudioVersion = 12.0.21005.1
MinimumVisualStudioVersion = 10.0.40219.1
Project("{8BC9CEB8-8B4A-11D0-8D11-00A0C91BC942}") = "task2_var1", "task2_var1\task2_var1.vcxproj", "{1C641E47-61A9-4DEF-A9CC-9ED74286E05B}"
EndProject
Project("{8BC9CEB8-8B4A-11D0-8D11-00A0C91BC942}") = "TestOfTask2Var1", "TestOfTask2Var1\TestOfTask2Var1.vcxproj", "{F4917ADE-3D66-45DE-A96D-EE285A760608}"
EndProject
Global
	GlobalSection(SolutionConfigurationPlatforms) = preSolution
		Debug|Win32 = Debug|Win32
		Release|Win32 = Release|Win32
	EndGlobalSection
	GlobalSection(ProjectConfigurationPlatforms) = postSolution
		{1C641E47-61A9-4DEF-A9CC-9ED74286E05B}.Debug|Win32.ActiveCfg = Debug|Win32
		{1C641E47-61A9-4DEF-A9CC-9ED74286E05B}.Debug|Win32.Build.0 = Debug|Win32
		{1C641E47-61A9-4DEF-A9CC-9ED74286E05B}.Release|Win32.ActiveCfg = Release|Win32
		{1C641E47-61A9-4DEF-A9CC-9ED74286E05B}.Release|Win32.Build.0 = Release|Win32
		{F4917ADE-3D66-45DE-A96D-EE285A760608}.Debug|Win32.ActiveCfg = Debug|Win32
		{F4917ADE-3D66-45DE-A96D-EE285A760608}.Debug|Win32.Build.0 = Debug|Win32
		{F4917ADE-3D66-45DE-A96D-EE285A760608}.Release|Win32.ActiveCfg = Release|Win32
		{F4917ADE-3D66-45DE-A96D-EE285A760608}.Release|Win32.Build.0 = Release|Win32
	EndGlobalSection
	GlobalSection(SolutionProperties) = preSolution
		HideSolutionNode = FALSE
	EndGlobalSection
EndGlobal
