
Microsoft Visual Studio Solution File, Format Version 12.00
# Visual Studio 2013
VisualStudioVersion = 12.0.21005.1
MinimumVisualStudioVersion = 10.0.40219.1
Project("{8BC9CEB8-8B4A-11D0-8D11-00A0C91BC942}") = "CStringList", "CStringList\CStringList.vcxproj", "{74BA0A18-33D7-40F2-865E-3A7E12F9279D}"
EndProject
Project("{8BC9CEB8-8B4A-11D0-8D11-00A0C91BC942}") = "Test", "Test\Test.vcxproj", "{795B81CB-FC68-4D06-B25B-D06697BFE6C8}"
EndProject
Global
	GlobalSection(SolutionConfigurationPlatforms) = preSolution
		Debug|Win32 = Debug|Win32
		Release|Win32 = Release|Win32
	EndGlobalSection
	GlobalSection(ProjectConfigurationPlatforms) = postSolution
		{74BA0A18-33D7-40F2-865E-3A7E12F9279D}.Debug|Win32.ActiveCfg = Debug|Win32
		{74BA0A18-33D7-40F2-865E-3A7E12F9279D}.Debug|Win32.Build.0 = Debug|Win32
		{74BA0A18-33D7-40F2-865E-3A7E12F9279D}.Release|Win32.ActiveCfg = Release|Win32
		{74BA0A18-33D7-40F2-865E-3A7E12F9279D}.Release|Win32.Build.0 = Release|Win32
		{795B81CB-FC68-4D06-B25B-D06697BFE6C8}.Debug|Win32.ActiveCfg = Debug|Win32
		{795B81CB-FC68-4D06-B25B-D06697BFE6C8}.Debug|Win32.Build.0 = Debug|Win32
		{795B81CB-FC68-4D06-B25B-D06697BFE6C8}.Release|Win32.ActiveCfg = Release|Win32
		{795B81CB-FC68-4D06-B25B-D06697BFE6C8}.Release|Win32.Build.0 = Release|Win32
	EndGlobalSection
	GlobalSection(SolutionProperties) = preSolution
		HideSolutionNode = FALSE
	EndGlobalSection
EndGlobal
